
Microsoft Visual Studio Solution File, Format Version 12.00
# Visual Studio Version 17
VisualStudioVersion = 17.2.32516.85
MinimumVisualStudioVersion = 10.0.40219.1
Project("{FAE04EC0-301F-11D3-BF4B-00C04F79EFBC}") = "CarDealers", "CarDealers\CarDealers.csproj", "{0BDA05A0-4515-4108-AEA5-9D29797113EE}"
EndProject
Global
	GlobalSection(SolutionConfigurationPlatforms) = preSolution
		Debug|Any CPU = Debug|Any CPU
		Release|Any CPU = Release|Any CPU
	EndGlobalSection
	GlobalSection(ProjectConfigurationPlatforms) = postSolution
		{0BDA05A0-4515-4108-AEA5-9D29797113EE}.Debug|Any CPU.ActiveCfg = Debug|Any CPU
		{0BDA05A0-4515-4108-AEA5-9D29797113EE}.Debug|Any CPU.Build.0 = Debug|Any CPU
		{0BDA05A0-4515-4108-AEA5-9D29797113EE}.Release|Any CPU.ActiveCfg = Release|Any CPU
		{0BDA05A0-4515-4108-AEA5-9D29797113EE}.Release|Any CPU.Build.0 = Release|Any CPU
	EndGlobalSection
	GlobalSection(SolutionProperties) = preSolution
		HideSolutionNode = FALSE
	EndGlobalSection
	GlobalSection(ExtensibilityGlobals) = postSolution
		SolutionGuid = {A1EAE8AC-837A-4AB1-B377-72E557DD20AC}
	EndGlobalSection
EndGlobal
